
Microsoft Visual Studio Solution File, Format Version 12.00
# Visual Studio Version 17
VisualStudioVersion = 17.11.35222.181
MinimumVisualStudioVersion = 10.0.40219.1
Project("{FAE04EC0-301F-11D3-BF4B-00C04F79EFBC}") = "EmploymentVerification.Web", "EmploymentVerification.Web.csproj", "{381367FD-22A1-4D1C-8B10-88BDAB051197}"
EndProject
Global
	GlobalSection(SolutionConfigurationPlatforms) = preSolution
		Debug|Any CPU = Debug|Any CPU
		Release|Any CPU = Release|Any CPU
	EndGlobalSection
	GlobalSection(ProjectConfigurationPlatforms) = postSolution
		{381367FD-22A1-4D1C-8B10-88BDAB051197}.Debug|Any CPU.ActiveCfg = Debug|Any CPU
		{381367FD-22A1-4D1C-8B10-88BDAB051197}.Debug|Any CPU.Build.0 = Debug|Any CPU
		{381367FD-22A1-4D1C-8B10-88BDAB051197}.Release|Any CPU.ActiveCfg = Release|Any CPU
		{381367FD-22A1-4D1C-8B10-88BDAB051197}.Release|Any CPU.Build.0 = Release|Any CPU
	EndGlobalSection
	GlobalSection(SolutionProperties) = preSolution
		HideSolutionNode = FALSE
	EndGlobalSection
	GlobalSection(ExtensibilityGlobals) = postSolution
		SolutionGuid = {852B8618-3D48-40E9-842C-BBD308B1B916}
	EndGlobalSection
EndGlobal
